{
  "name": "websonic-engine",
  "version": "1.0.0",
  "lockfileVersion": 3,
  "requires": true,
  "packages": {
    "": {
      "name": "websonic-engine",
      "version": "1.0.0",
      "dependencies": {
        "isomorphic-web-audio-api": "^1.0.0"
      },
      "devDependencies": {
        "flac-bindings": "^4.1.0",
        "node-web-audio-api": "^1.0.4",
        "sinon": "^14.0.0"
      }
    },
    "node_modules/@sinonjs/commons": {
      "version": "2.0.0",
      "resolved": "https://registry.npmjs.org/@sinonjs/commons/-/commons-2.0.0.tgz",
      "integrity": "sha512-uLa0j859mMrg2slwQYdO/AkrOfmH+X6LTVmNTS9CqexuE2IvVORIkSpJLqePAbEnKJ77aMmCwr1NUZ57120Xcg==",
      "dev": true,
      "dependencies": {
        "type-detect": "4.0.8"
      }
    },
    "node_modules/@sinonjs/fake-timers": {
      "version": "9.1.2",
      "resolved": "https://registry.npmjs.org/@sinonjs/fake-timers/-/fake-timers-9.1.2.tgz",
      "integrity": "sha512-BPS4ynJW/o92PUR4wgriz2Ud5gpST5vz6GQfMixEDK0Z8ZCUv2M7SkBLykH56T++Xs+8ln9zTGbOvNGIe02/jw==",
      "dev": true,
      "dependencies": {
        "@sinonjs/commons": "^1.7.0"
      }
    },
    "node_modules/@sinonjs/fake-timers/node_modules/@sinonjs/commons": {
      "version": "1.8.6",
      "resolved": "https://registry.npmjs.org/@sinonjs/commons/-/commons-1.8.6.tgz",
      "integrity": "sha512-Ky+XkAkqPZSm3NLBeUng77EBQl3cmeJhITaGHdYH8kjVB+aun3S4XBRti2zt17mtt0mIUDiNxYeoJm6drVvBJQ==",
      "dev": true,
      "dependencies": {
        "type-detect": "4.0.8"
      }
    },
    "node_modules/@sinonjs/samsam": {
      "version": "7.0.1",
      "resolved": "https://registry.npmjs.org/@sinonjs/samsam/-/samsam-7.0.1.tgz",
      "integrity": "sha512-zsAk2Jkiq89mhZovB2LLOdTCxJF4hqqTToGP0ASWlhp4I1hqOjcfmZGafXntCN7MDC6yySH0mFHrYtHceOeLmw==",
      "dev": true,
      "dependencies": {
        "@sinonjs/commons": "^2.0.0",
        "lodash.get": "^4.4.2",
        "type-detect": "^4.0.8"
      }
    },
    "node_modules/@sinonjs/text-encoding": {
      "version": "0.7.3",
      "resolved": "https://registry.npmjs.org/@sinonjs/text-encoding/-/text-encoding-0.7.3.tgz",
      "integrity": "sha512-DE427ROAphMQzU4ENbliGYrBSYPXF+TtLg9S8vzeA+OF4ZKzoDdzfL8sxuMUGS/lgRhM6j1URSk9ghf7Xo1tyA==",
      "dev": true
    },
    "node_modules/b4a": {
      "version": "1.6.7",
      "resolved": "https://registry.npmjs.org/b4a/-/b4a-1.6.7.tgz",
      "integrity": "sha512-OnAYlL5b7LEkALw87fUVafQw5rVR9RjwGd4KUwNQ6DrrNmaVaUCgLipfVlzrPQ4tWOR9P0IXGNOx50jYCCdSJg==",
      "dev": true
    },
    "node_modules/bare-events": {
      "version": "2.5.4",
      "resolved": "https://registry.npmjs.org/bare-events/-/bare-events-2.5.4.tgz",
      "integrity": "sha512-+gFfDkR8pj4/TrWCGUGWmJIkBwuxPS5F+a5yWjOHQt2hHvNZd5YLzadjmDUtFmMM4y429bnKLa8bYBMHcYdnQA==",
      "dev": true,
      "optional": true
    },
    "node_modules/bindings": {
      "version": "1.5.0",
      "resolved": "https://registry.npmjs.org/bindings/-/bindings-1.5.0.tgz",
      "integrity": "sha512-p2q/t/mhvuOj/UeLlV6566GD/guowlr0hHxClI0W9m7MWYkL1F0hLo+0Aexs9HSPCtR1SXQ0TD3MMKrXZajbiQ==",
      "dev": true,
      "dependencies": {
        "file-uri-to-path": "1.0.0"
      }
    },
    "node_modules/caller": {
      "version": "1.1.0",
      "resolved": "https://registry.npmjs.org/caller/-/caller-1.1.0.tgz",
      "integrity": "sha512-n+21IZC3j06YpCWaxmUy5AnVqhmCIM2bQtqQyy00HJlmStRt6kwDX5F9Z97pqwAB+G/tgSz6q/kUBbNyQzIubw=="
    },
    "node_modules/data-uri-to-buffer": {
      "version": "4.0.1",
      "resolved": "https://registry.npmjs.org/data-uri-to-buffer/-/data-uri-to-buffer-4.0.1.tgz",
      "integrity": "sha512-0R9ikRb668HB7QDxT1vkpuUBtqc53YyAwMwGeUFKRojY/NWKvdZ+9UYtRfGmhqNbRkTSVpMbmyhXipFFv2cb/A==",
      "engines": {
        "node": ">= 12"
      }
    },
    "node_modules/debug": {
      "version": "4.4.1",
      "resolved": "https://registry.npmjs.org/debug/-/debug-4.4.1.tgz",
      "integrity": "sha512-KcKCqiftBJcZr++7ykoDIEwSa3XWowTfNPo92BYxjXiyYEVrUQh2aLyhxBCwww+heortUFxEJYcRzosstTEBYQ==",
      "dev": true,
      "dependencies": {
        "ms": "^2.1.3"
      },
      "engines": {
        "node": ">=6.0"
      },
      "peerDependenciesMeta": {
        "supports-color": {
          "optional": true
        }
      }
    },
    "node_modules/detect-libc": {
      "version": "2.0.4",
      "resolved": "https://registry.npmjs.org/detect-libc/-/detect-libc-2.0.4.tgz",
      "integrity": "sha512-3UDv+G9CsCKO1WKMGw9fwq/SWJYbI0c5Y7LU1AXYoDdbhE2AHQ6N6Nb34sG8Fj7T5APy8qXDCKuuIHd1BR0tVA==",
      "dev": true,
      "engines": {
        "node": ">=8"
      }
    },
    "node_modules/diff": {
      "version": "5.2.0",
      "resolved": "https://registry.npmjs.org/diff/-/diff-5.2.0.tgz",
      "integrity": "sha512-uIFDxqpRZGZ6ThOk84hEfqWoHx2devRFvpTZcTHur85vImfaxUbTW9Ryh4CpCuDnToOP1CEtXKIgytHBPVff5A==",
      "dev": true,
      "engines": {
        "node": ">=0.3.1"
      }
    },
    "node_modules/fast-fifo": {
      "version": "1.3.2",
      "resolved": "https://registry.npmjs.org/fast-fifo/-/fast-fifo-1.3.2.tgz",
      "integrity": "sha512-/d9sfos4yxzpwkDkuN7k2SqFKtYNmCTzgfEpz82x34IM9/zc8KGxQoXg1liNC/izpRM/MBdt44Nmx41ZWqk+FQ==",
      "dev": true
    },
    "node_modules/fetch-blob": {
      "version": "3.2.0",
      "resolved": "https://registry.npmjs.org/fetch-blob/-/fetch-blob-3.2.0.tgz",
      "integrity": "sha512-7yAQpD2UMJzLi1Dqv7qFYnPbaPx7ZfFK6PiIxQ4PfkGPyNyl2Ugx+a/umUonmKqjhM4DnfbMvdX6otXq83soQQ==",
      "funding": [
        {
          "type": "github",
          "url": "https://github.com/sponsors/jimmywarting"
        },
        {
          "type": "paypal",
          "url": "https://paypal.me/jimmywarting"
        }
      ],
      "dependencies": {
        "node-domexception": "^1.0.0",
        "web-streams-polyfill": "^3.0.3"
      },
      "engines": {
        "node": "^12.20 || >= 14.13"
      }
    },
    "node_modules/file-uri-to-path": {
      "version": "1.0.0",
      "resolved": "https://registry.npmjs.org/file-uri-to-path/-/file-uri-to-path-1.0.0.tgz",
      "integrity": "sha512-0Zt+s3L7Vf1biwWZ29aARiVYLx7iMGnEUl9x33fbB/j3jR81u/O2LbqK+Bm1CDSNDKVtJ/YjwY7TUd5SkeLQLw==",
      "dev": true
    },
    "node_modules/flac-bindings": {
      "version": "4.1.0",
      "resolved": "https://registry.npmjs.org/flac-bindings/-/flac-bindings-4.1.0.tgz",
      "integrity": "sha512-nhdYb334m5w5C/NS6UuwmwPLoX2RoK9KjFVEo/+WKJkP9qnL4nBwI0/5ohHnSf3ik3gMOm2Wo4JUNCdwMPiwWQ==",
      "dev": true,
      "hasInstallScript": true,
      "dependencies": {
        "bindings": "^1.5.0",
        "debug": "^4.3.4",
        "detect-libc": "^2.0.1",
        "tar-stream": "^3.0.0"
      },
      "engines": {
        "electron": "^29.0.0",
        "node": ">=20.0.0"
      },
      "funding": {
        "type": "individual",
        "url": "https://ko-fi.com/melchor629"
      },
      "peerDependencies": {
        "cmake-js": "^7.0.0",
        "node-addon-api": "^8.0.0"
      },
      "peerDependenciesMeta": {
        "cmake-js": {
          "optional": true
        },
        "node-addon-api": {
          "optional": true
        }
      }
    },
    "node_modules/formdata-polyfill": {
      "version": "4.0.10",
      "resolved": "https://registry.npmjs.org/formdata-polyfill/-/formdata-polyfill-4.0.10.tgz",
      "integrity": "sha512-buewHzMvYL29jdeQTVILecSaZKnt/RJWjoZCF5OW60Z67/GmSLBkOFM7qh1PI3zFNtJbaZL5eQu1vLfazOwj4g==",
      "dependencies": {
        "fetch-blob": "^3.1.2"
      },
      "engines": {
        "node": ">=12.20.0"
      }
    },
    "node_modules/has-flag": {
      "version": "4.0.0",
      "resolved": "https://registry.npmjs.org/has-flag/-/has-flag-4.0.0.tgz",
      "integrity": "sha512-EykJT/Q1KjTWctppgIAgfSO0tKVuZUjhgMr17kqTumMl6Afv3EISleU7qZUzoXDFTAHTDC4NOoG/ZxU3EvlMPQ==",
      "dev": true,
      "engines": {
        "node": ">=8"
      }
    },
    "node_modules/isomorphic-web-audio-api": {
      "version": "1.0.2",
      "resolved": "https://registry.npmjs.org/isomorphic-web-audio-api/-/isomorphic-web-audio-api-1.0.2.tgz",
      "integrity": "sha512-HIZSaldnOCxT5V+0R+QcoDdHX2kPmYbgswQ/dtoBersoAxXTNyGcjOfoInHPZ5rEak0EkRSKj2gN5ABpZLYuWg==",
      "dependencies": {
        "node-web-audio-api": "^1.0.2"
      }
    },
    "node_modules/just-extend": {
      "version": "6.2.0",
      "resolved": "https://registry.npmjs.org/just-extend/-/just-extend-6.2.0.tgz",
      "integrity": "sha512-cYofQu2Xpom82S6qD778jBDpwvvy39s1l/hrYij2u9AMdQcGRpaBu6kY4mVhuno5kJVi1DAz4aiphA2WI1/OAw==",
      "dev": true
    },
    "node_modules/lodash.get": {
      "version": "4.4.2",
      "resolved": "https://registry.npmjs.org/lodash.get/-/lodash.get-4.4.2.tgz",
      "integrity": "sha512-z+Uw/vLuy6gQe8cfaFWD7p0wVv8fJl3mbzXh33RS+0oW2wvUqiRXiQ69gLWSLpgB5/6sU+r6BlQR0MBILadqTQ==",
      "deprecated": "This package is deprecated. Use the optional chaining (?.) operator instead.",
      "dev": true
    },
    "node_modules/ms": {
      "version": "2.1.3",
      "resolved": "https://registry.npmjs.org/ms/-/ms-2.1.3.tgz",
      "integrity": "sha512-6FlzubTLZG3J2a/NVCAleEhjzq5oxgHyaCU9yYXvcLsvoVaHJq/s5xXI6/XXP6tz7R9xAOtHnSO/tXtF3WRTlA==",
      "dev": true
    },
    "node_modules/nise": {
      "version": "5.1.9",
      "resolved": "https://registry.npmjs.org/nise/-/nise-5.1.9.tgz",
      "integrity": "sha512-qOnoujW4SV6e40dYxJOb3uvuoPHtmLzIk4TFo+j0jPJoC+5Z9xja5qH5JZobEPsa8+YYphMrOSwnrshEhG2qww==",
      "dev": true,
      "dependencies": {
        "@sinonjs/commons": "^3.0.0",
        "@sinonjs/fake-timers": "^11.2.2",
        "@sinonjs/text-encoding": "^0.7.2",
        "just-extend": "^6.2.0",
        "path-to-regexp": "^6.2.1"
      }
    },
    "node_modules/nise/node_modules/@sinonjs/commons": {
      "version": "3.0.1",
      "resolved": "https://registry.npmjs.org/@sinonjs/commons/-/commons-3.0.1.tgz",
      "integrity": "sha512-K3mCHKQ9sVh8o1C9cxkwxaOmXoAMlDxC1mYyHrjqOWEcBjYr76t96zL2zlj5dUGZ3HSw240X1qgH3Mjf1yJWpQ==",
      "dev": true,
      "dependencies": {
        "type-detect": "4.0.8"
      }
    },
    "node_modules/nise/node_modules/@sinonjs/fake-timers": {
      "version": "11.3.1",
      "resolved": "https://registry.npmjs.org/@sinonjs/fake-timers/-/fake-timers-11.3.1.tgz",
      "integrity": "sha512-EVJO7nW5M/F5Tur0Rf2z/QoMo+1Ia963RiMtapiQrEWvY0iBUvADo8Beegwjpnle5BHkyHuoxSTW3jF43H1XRA==",
      "dev": true,
      "dependencies": {
        "@sinonjs/commons": "^3.0.1"
      }
    },
    "node_modules/node-domexception": {
      "version": "1.0.0",
      "resolved": "https://registry.npmjs.org/node-domexception/-/node-domexception-1.0.0.tgz",
      "integrity": "sha512-/jKZoMpw0F8GRwl4/eLROPA3cfcXtLApP0QzLmUT/HuPCZWyB7IY9ZrMeKw2O/nFIqPQB3PVM9aYm0F312AXDQ==",
      "deprecated": "Use your platform's native DOMException instead",
      "funding": [
        {
          "type": "github",
          "url": "https://github.com/sponsors/jimmywarting"
        },
        {
          "type": "github",
          "url": "https://paypal.me/jimmywarting"
        }
      ],
      "engines": {
        "node": ">=10.5.0"
      }
    },
    "node_modules/node-fetch": {
      "version": "3.3.2",
      "resolved": "https://registry.npmjs.org/node-fetch/-/node-fetch-3.3.2.tgz",
      "integrity": "sha512-dRB78srN/l6gqWulah9SrxeYnxeddIG30+GOqK/9OlLVyLg3HPnr6SqOWTWOXKRwC2eGYCkZ59NNuSgvSrpgOA==",
      "dependencies": {
        "data-uri-to-buffer": "^4.0.0",
        "fetch-blob": "^3.1.4",
        "formdata-polyfill": "^4.0.10"
      },
      "engines": {
        "node": "^12.20.0 || ^14.13.1 || >=16.0.0"
      },
      "funding": {
        "type": "opencollective",
        "url": "https://opencollective.com/node-fetch"
      }
    },
    "node_modules/node-web-audio-api": {
      "version": "1.0.4",
      "resolved": "https://registry.npmjs.org/node-web-audio-api/-/node-web-audio-api-1.0.4.tgz",
      "integrity": "sha512-lzhqTlHeosL6FEx4DtnU5c9pzxoesCUsucigA34Z+D1lBG8GRbULUuw1UeY5KMptnJctIANLHXOCc/ZbWkcSAA==",
      "dependencies": {
        "caller": "^1.1.0",
        "node-fetch": "^3.3.2",
        "webidl-conversions": "^7.0.0"
      },
      "engines": {
        "node": ">= 14"
      }
    },
    "node_modules/path-to-regexp": {
      "version": "6.3.0",
      "resolved": "https://registry.npmjs.org/path-to-regexp/-/path-to-regexp-6.3.0.tgz",
      "integrity": "sha512-Yhpw4T9C6hPpgPeA28us07OJeqZ5EzQTkbfwuhsUg0c237RomFoETJgmp2sa3F/41gfLE6G5cqcYwznmeEeOlQ==",
      "dev": true
    },
    "node_modules/sinon": {
      "version": "14.0.2",
      "resolved": "https://registry.npmjs.org/sinon/-/sinon-14.0.2.tgz",
      "integrity": "sha512-PDpV0ZI3ZCS3pEqx0vpNp6kzPhHrLx72wA0G+ZLaaJjLIYeE0n8INlgaohKuGy7hP0as5tbUd23QWu5U233t+w==",
      "deprecated": "16.1.1",
      "dev": true,
      "dependencies": {
        "@sinonjs/commons": "^2.0.0",
        "@sinonjs/fake-timers": "^9.1.2",
        "@sinonjs/samsam": "^7.0.1",
        "diff": "^5.0.0",
        "nise": "^5.1.2",
        "supports-color": "^7.2.0"
      },
      "funding": {
        "type": "opencollective",
        "url": "https://opencollective.com/sinon"
      }
    },
    "node_modules/streamx": {
      "version": "2.22.1",
      "resolved": "https://registry.npmjs.org/streamx/-/streamx-2.22.1.tgz",
      "integrity": "sha512-znKXEBxfatz2GBNK02kRnCXjV+AA4kjZIUxeWSr3UGirZMJfTE9uiwKHobnbgxWyL/JWro8tTq+vOqAK1/qbSA==",
      "dev": true,
      "dependencies": {
        "fast-fifo": "^1.3.2",
        "text-decoder": "^1.1.0"
      },
      "optionalDependencies": {
        "bare-events": "^2.2.0"
      }
    },
    "node_modules/supports-color": {
      "version": "7.2.0",
      "resolved": "https://registry.npmjs.org/supports-color/-/supports-color-7.2.0.tgz",
      "integrity": "sha512-qpCAvRl9stuOHveKsn7HncJRvv501qIacKzQlO/+Lwxc9+0q2wLyv4Dfvt80/DPn2pqOBsJdDiogXGR9+OvwRw==",
      "dev": true,
      "dependencies": {
        "has-flag": "^4.0.0"
      },
      "engines": {
        "node": ">=8"
      }
    },
    "node_modules/tar-stream": {
      "version": "3.1.7",
      "resolved": "https://registry.npmjs.org/tar-stream/-/tar-stream-3.1.7.tgz",
      "integrity": "sha512-qJj60CXt7IU1Ffyc3NJMjh6EkuCFej46zUqJ4J7pqYlThyd9bO0XBTmcOIhSzZJVWfsLks0+nle/j538YAW9RQ==",
      "dev": true,
      "dependencies": {
        "b4a": "^1.6.4",
        "fast-fifo": "^1.2.0",
        "streamx": "^2.15.0"
      }
    },
    "node_modules/text-decoder": {
      "version": "1.2.3",
      "resolved": "https://registry.npmjs.org/text-decoder/-/text-decoder-1.2.3.tgz",
      "integrity": "sha512-3/o9z3X0X0fTupwsYvR03pJ/DjWuqqrfwBgTQzdWDiQSm9KitAyz/9WqsT2JQW7KV2m+bC2ol/zqpW37NHxLaA==",
      "dev": true,
      "dependencies": {
        "b4a": "^1.6.4"
      }
    },
    "node_modules/type-detect": {
      "version": "4.0.8",
      "resolved": "https://registry.npmjs.org/type-detect/-/type-detect-4.0.8.tgz",
      "integrity": "sha512-0fr/mIH1dlO+x7TlcMy+bIDqKPsw/70tVyeHW787goQjhmqaZe10uwLujubK9q9Lg6Fiho1KUKDYz0Z7k7g5/g==",
      "dev": true,
      "engines": {
        "node": ">=4"
      }
    },
    "node_modules/web-streams-polyfill": {
      "version": "3.3.3",
      "resolved": "https://registry.npmjs.org/web-streams-polyfill/-/web-streams-polyfill-3.3.3.tgz",
      "integrity": "sha512-d2JWLCivmZYTSIoge9MsgFCZrt571BikcWGYkjC1khllbTeDlGqZ2D8vD8E/lJa8WGWbb7Plm8/XJYV7IJHZZw==",
      "engines": {
        "node": ">= 8"
      }
    },
    "node_modules/webidl-conversions": {
      "version": "7.0.0",
      "resolved": "https://registry.npmjs.org/webidl-conversions/-/webidl-conversions-7.0.0.tgz",
      "integrity": "sha512-VwddBukDzu71offAQR975unBIGqfKZpM+8ZX6ySk8nYhVoo5CYaZyzt3YBvYtRtO+aoGlqxPg/B87NGVZ/fu6g==",
      "engines": {
        "node": ">=12"
      }
    }
  }
}
